// !$*UTF8*$!
{
	archiveVersion = 1;
	classes = {
	};
	objectVersion = 56;
	objects = {

/* Begin PBXBuildFile section */
		01B3D1F22C5EBB50007A774F /* EditCategoryViewModel.swift in Sources */ = {isa = PBXBuildFile; fileRef = 01B3D1F12C5EBB50007A774F /* EditCategoryViewModel.swift */; };
		01B3D1F42C5ECB60007A774F /* ExpenseRow.swift in Sources */ = {isa = PBXBuildFile; fileRef = 01B3D1F32C5ECB60007A774F /* ExpenseRow.swift */; };
		01B3D1F62C5ECBA2007A774F /* Expense.swift in Sources */ = {isa = PBXBuildFile; fileRef = 01B3D1F52C5ECBA2007A774F /* Expense.swift */; };
		01B514012C5DA96300C46831 /* RootTabsView.swift in Sources */ = {isa = PBXBuildFile; fileRef = 01B514002C5DA96300C46831 /* RootTabsView.swift */; };
		01B514032C5DA98700C46831 /* ExpensesListView.swift in Sources */ = {isa = PBXBuildFile; fileRef = 01B514022C5DA98700C46831 /* ExpensesListView.swift */; };
		01B514052C5DA9A900C46831 /* CategoriesListView.swift in Sources */ = {isa = PBXBuildFile; fileRef = 01B514042C5DA9A900C46831 /* CategoriesListView.swift */; };
		01B5140A2C5DAA0B00C46831 /* DashboardView.swift in Sources */ = {isa = PBXBuildFile; fileRef = 01B514092C5DAA0B00C46831 /* DashboardView.swift */; };
		01B5140C2C5DAAE900C46831 /* CategoryRow.swift in Sources */ = {isa = PBXBuildFile; fileRef = 01B5140B2C5DAAE900C46831 /* CategoryRow.swift */; };
		01B5140F2C5DAB3000C46831 /* Category.swift in Sources */ = {isa = PBXBuildFile; fileRef = 01B5140E2C5DAB3000C46831 /* Category.swift */; };
		01B514112C5DAF4200C46831 /* CategoryColor.swift in Sources */ = {isa = PBXBuildFile; fileRef = 01B514102C5DAF4200C46831 /* CategoryColor.swift */; };
		01B514132C5DB06800C46831 /* CategoryIconView.swift in Sources */ = {isa = PBXBuildFile; fileRef = 01B514122C5DB06800C46831 /* CategoryIconView.swift */; };
		01B514162C5DB7CE00C46831 /* EditCategoryView.swift in Sources */ = {isa = PBXBuildFile; fileRef = 01B514152C5DB7CE00C46831 /* EditCategoryView.swift */; };
		01B514182C5DB90600C46831 /* ColorSelectorView.swift in Sources */ = {isa = PBXBuildFile; fileRef = 01B514172C5DB90600C46831 /* ColorSelectorView.swift */; };
		01B5141A2C5DBBE900C46831 /* IconSelectorView.swift in Sources */ = {isa = PBXBuildFile; fileRef = 01B514192C5DBBE900C46831 /* IconSelectorView.swift */; };
		01B5CF482C6005820007E6A0 /* EditExpenseView.swift in Sources */ = {isa = PBXBuildFile; fileRef = 01B5CF472C6005820007E6A0 /* EditExpenseView.swift */; };
		01B63EF22C6E859F0056DB2B /* CategoriesListViewModel.swift in Sources */ = {isa = PBXBuildFile; fileRef = 01B63EF12C6E859F0056DB2B /* CategoriesListViewModel.swift */; };
		01B63EF52C6E8C470056DB2B /* ExpensesListViewModel.swift in Sources */ = {isa = PBXBuildFile; fileRef = 01B63EF42C6E8C470056DB2B /* ExpensesListViewModel.swift */; };
		01CA71292C614BBA00216016 /* SelectCategory.swift in Sources */ = {isa = PBXBuildFile; fileRef = 01CA71282C614BBA00216016 /* SelectCategory.swift */; };
		01CA712B2C61643B00216016 /* EditExpenseViewModel.swift in Sources */ = {isa = PBXBuildFile; fileRef = 01CA712A2C61643B00216016 /* EditExpenseViewModel.swift */; };
		01CA712D2C61669A00216016 /* PrimaryButton.swift in Sources */ = {isa = PBXBuildFile; fileRef = 01CA712C2C61669A00216016 /* PrimaryButton.swift */; };
		01CA712F2C6184D500216016 /* TimeRange.swift in Sources */ = {isa = PBXBuildFile; fileRef = 01CA712E2C6184D500216016 /* TimeRange.swift */; };
		01CD3C332C628BBB00D13BD6 /* PreviewData.swift in Sources */ = {isa = PBXBuildFile; fileRef = 01CD3C322C628BBB00D13BD6 /* PreviewData.swift */; };
		01CE732C2C62B352006A9275 /* CategoriesPieChart.swift in Sources */ = {isa = PBXBuildFile; fileRef = 01CE732B2C62B352006A9275 /* CategoriesPieChart.swift */; };
		01CE732E2C62B844006A9275 /* TimeChart.swift in Sources */ = {isa = PBXBuildFile; fileRef = 01CE732D2C62B844006A9275 /* TimeChart.swift */; };
		01CE73302C630DEB006A9275 /* ValidatedTextFieldStyle.swift in Sources */ = {isa = PBXBuildFile; fileRef = 01CE732F2C630DEB006A9275 /* ValidatedTextFieldStyle.swift */; };
		01F4FA022C5D9E4E006AE4F8 /* xpenzoApp.swift in Sources */ = {isa = PBXBuildFile; fileRef = 01F4FA012C5D9E4E006AE4F8 /* xpenzoApp.swift */; };
		01F4FA082C5D9E4F006AE4F8 /* Assets.xcassets in Resources */ = {isa = PBXBuildFile; fileRef = 01F4FA072C5D9E4F006AE4F8 /* Assets.xcassets */; };
		01F4FA0B2C5D9E4F006AE4F8 /* Preview Assets.xcassets in Resources */ = {isa = PBXBuildFile; fileRef = 01F4FA0A2C5D9E4F006AE4F8 /* Preview Assets.xcassets */; };
		01F4FA152C5D9E50006AE4F8 /* xpenzoTests.swift in Sources */ = {isa = PBXBuildFile; fileRef = 01F4FA142C5D9E50006AE4F8 /* xpenzoTests.swift */; };
/* End PBXBuildFile section */

/* Begin PBXContainerItemProxy section */
		01F4FA112C5D9E50006AE4F8 /* PBXContainerItemProxy */ = {
			isa = PBXContainerItemProxy;
			containerPortal = 01F4F9F62C5D9E4E006AE4F8 /* Project object */;
			proxyType = 1;
			remoteGlobalIDString = 01F4F9FD2C5D9E4E006AE4F8;
			remoteInfo = xpenzo;
		};
		01F4FA1B2C5D9E50006AE4F8 /* PBXContainerItemProxy */ = {
			isa = PBXContainerItemProxy;
			containerPortal = 01F4F9F62C5D9E4E006AE4F8 /* Project object */;
			proxyType = 1;
			remoteGlobalIDString = 01F4F9FD2C5D9E4E006AE4F8;
			remoteInfo = xpenzo;
		};
/* End PBXContainerItemProxy section */

/* Begin PBXFileReference section */
		01B3D1F12C5EBB50007A774F /* EditCategoryViewModel.swift */ = {isa = PBXFileReference; lastKnownFileType = sourcecode.swift; path = EditCategoryViewModel.swift; sourceTree = "<group>"; };
		01B3D1F32C5ECB60007A774F /* ExpenseRow.swift */ = {isa = PBXFileReference; lastKnownFileType = sourcecode.swift; path = ExpenseRow.swift; sourceTree = "<group>"; };
		01B3D1F52C5ECBA2007A774F /* Expense.swift */ = {isa = PBXFileReference; lastKnownFileType = sourcecode.swift; path = Expense.swift; sourceTree = "<group>"; };
		01B514002C5DA96300C46831 /* RootTabsView.swift */ = {isa = PBXFileReference; lastKnownFileType = sourcecode.swift; path = RootTabsView.swift; sourceTree = "<group>"; };
		01B514022C5DA98700C46831 /* ExpensesListView.swift */ = {isa = PBXFileReference; lastKnownFileType = sourcecode.swift; path = ExpensesListView.swift; sourceTree = "<group>"; };
		01B514042C5DA9A900C46831 /* CategoriesListView.swift */ = {isa = PBXFileReference; lastKnownFileType = sourcecode.swift; path = CategoriesListView.swift; sourceTree = "<group>"; };
		01B514092C5DAA0B00C46831 /* DashboardView.swift */ = {isa = PBXFileReference; lastKnownFileType = sourcecode.swift; path = DashboardView.swift; sourceTree = "<group>"; };
		01B5140B2C5DAAE900C46831 /* CategoryRow.swift */ = {isa = PBXFileReference; lastKnownFileType = sourcecode.swift; path = CategoryRow.swift; sourceTree = "<group>"; };
		01B5140E2C5DAB3000C46831 /* Category.swift */ = {isa = PBXFileReference; lastKnownFileType = sourcecode.swift; path = Category.swift; sourceTree = "<group>"; };
		01B514102C5DAF4200C46831 /* CategoryColor.swift */ = {isa = PBXFileReference; lastKnownFileType = sourcecode.swift; path = CategoryColor.swift; sourceTree = "<group>"; };
		01B514122C5DB06800C46831 /* CategoryIconView.swift */ = {isa = PBXFileReference; lastKnownFileType = sourcecode.swift; path = CategoryIconView.swift; sourceTree = "<group>"; };
		01B514152C5DB7CE00C46831 /* EditCategoryView.swift */ = {isa = PBXFileReference; lastKnownFileType = sourcecode.swift; path = EditCategoryView.swift; sourceTree = "<group>"; };
		01B514172C5DB90600C46831 /* ColorSelectorView.swift */ = {isa = PBXFileReference; lastKnownFileType = sourcecode.swift; path = ColorSelectorView.swift; sourceTree = "<group>"; };
		01B514192C5DBBE900C46831 /* IconSelectorView.swift */ = {isa = PBXFileReference; lastKnownFileType = sourcecode.swift; path = IconSelectorView.swift; sourceTree = "<group>"; };
		01B5CF472C6005820007E6A0 /* EditExpenseView.swift */ = {isa = PBXFileReference; lastKnownFileType = sourcecode.swift; path = EditExpenseView.swift; sourceTree = "<group>"; };
		01B63EF12C6E859F0056DB2B /* CategoriesListViewModel.swift */ = {isa = PBXFileReference; lastKnownFileType = sourcecode.swift; path = CategoriesListViewModel.swift; sourceTree = "<group>"; };
		01B63EF42C6E8C470056DB2B /* ExpensesListViewModel.swift */ = {isa = PBXFileReference; lastKnownFileType = sourcecode.swift; path = ExpensesListViewModel.swift; sourceTree = "<group>"; };
		01CA71282C614BBA00216016 /* SelectCategory.swift */ = {isa = PBXFileReference; lastKnownFileType = sourcecode.swift; path = SelectCategory.swift; sourceTree = "<group>"; };
		01CA712A2C61643B00216016 /* EditExpenseViewModel.swift */ = {isa = PBXFileReference; lastKnownFileType = sourcecode.swift; path = EditExpenseViewModel.swift; sourceTree = "<group>"; };
		01CA712C2C61669A00216016 /* PrimaryButton.swift */ = {isa = PBXFileReference; lastKnownFileType = sourcecode.swift; path = PrimaryButton.swift; sourceTree = "<group>"; };
		01CA712E2C6184D500216016 /* TimeRange.swift */ = {isa = PBXFileReference; lastKnownFileType = sourcecode.swift; path = TimeRange.swift; sourceTree = "<group>"; };
		01CD3C322C628BBB00D13BD6 /* PreviewData.swift */ = {isa = PBXFileReference; lastKnownFileType = sourcecode.swift; path = PreviewData.swift; sourceTree = "<group>"; };
		01CE732B2C62B352006A9275 /* CategoriesPieChart.swift */ = {isa = PBXFileReference; lastKnownFileType = sourcecode.swift; path = CategoriesPieChart.swift; sourceTree = "<group>"; };
		01CE732D2C62B844006A9275 /* TimeChart.swift */ = {isa = PBXFileReference; lastKnownFileType = sourcecode.swift; path = TimeChart.swift; sourceTree = "<group>"; };
		01CE732F2C630DEB006A9275 /* ValidatedTextFieldStyle.swift */ = {isa = PBXFileReference; lastKnownFileType = sourcecode.swift; path = ValidatedTextFieldStyle.swift; sourceTree = "<group>"; };
		01F4F9FE2C5D9E4E006AE4F8 /* xpenzo.app */ = {isa = PBXFileReference; explicitFileType = wrapper.application; includeInIndex = 0; path = xpenzo.app; sourceTree = BUILT_PRODUCTS_DIR; };
		01F4FA012C5D9E4E006AE4F8 /* xpenzoApp.swift */ = {isa = PBXFileReference; lastKnownFileType = sourcecode.swift; path = xpenzoApp.swift; sourceTree = "<group>"; };
		01F4FA072C5D9E4F006AE4F8 /* Assets.xcassets */ = {isa = PBXFileReference; lastKnownFileType = folder.assetcatalog; path = Assets.xcassets; sourceTree = "<group>"; };
		01F4FA0A2C5D9E4F006AE4F8 /* Preview Assets.xcassets */ = {isa = PBXFileReference; lastKnownFileType = folder.assetcatalog; path = "Preview Assets.xcassets"; sourceTree = "<group>"; };
		01F4FA102C5D9E50006AE4F8 /* xpenzoTests.xctest */ = {isa = PBXFileReference; explicitFileType = wrapper.cfbundle; includeInIndex = 0; path = xpenzoTests.xctest; sourceTree = BUILT_PRODUCTS_DIR; };
		01F4FA142C5D9E50006AE4F8 /* xpenzoTests.swift */ = {isa = PBXFileReference; lastKnownFileType = sourcecode.swift; path = xpenzoTests.swift; sourceTree = "<group>"; };
		01F4FA1A2C5D9E50006AE4F8 /* xpenzoUITests.xctest */ = {isa = PBXFileReference; explicitFileType = wrapper.cfbundle; includeInIndex = 0; path = xpenzoUITests.xctest; sourceTree = BUILT_PRODUCTS_DIR; };
/* End PBXFileReference section */

/* Begin PBXFrameworksBuildPhase section */
		01F4F9FB2C5D9E4E006AE4F8 /* Frameworks */ = {
			isa = PBXFrameworksBuildPhase;
			buildActionMask = 2147483647;
			files = (
			);
			runOnlyForDeploymentPostprocessing = 0;
		};
		01F4FA0D2C5D9E50006AE4F8 /* Frameworks */ = {
			isa = PBXFrameworksBuildPhase;
			buildActionMask = 2147483647;
			files = (
			);
			runOnlyForDeploymentPostprocessing = 0;
		};
		01F4FA172C5D9E50006AE4F8 /* Frameworks */ = {
			isa = PBXFrameworksBuildPhase;
			buildActionMask = 2147483647;
			files = (
			);
			runOnlyForDeploymentPostprocessing = 0;
		};
/* End PBXFrameworksBuildPhase section */

/* Begin PBXGroup section */
		01B3D1F02C5EBB2D007A774F /* ViewModels */ = {
			isa = PBXGroup;
			children = (
				01B63EF02C6E857E0056DB2B /* Categories */,
				01B63EF32C6E8C1B0056DB2B /* Expenses */,
			);
			path = ViewModels;
			sourceTree = "<group>";
		};
		01B513FF2C5DA93C00C46831 /* Views */ = {
			isa = PBXGroup;
			children = (
				01B514082C5DA9FA00C46831 /* Dashboard */,
				01B514062C5DA9AD00C46831 /* Categories */,
				01B514072C5DA9B600C46831 /* Expenses */,
				01B514002C5DA96300C46831 /* RootTabsView.swift */,
				01CA712C2C61669A00216016 /* PrimaryButton.swift */,
				01CE732F2C630DEB006A9275 /* ValidatedTextFieldStyle.swift */,
			);
			path = Views;
			sourceTree = "<group>";
		};
		01B514062C5DA9AD00C46831 /* Categories */ = {
			isa = PBXGroup;
			children = (
				01B514042C5DA9A900C46831 /* CategoriesListView.swift */,
				01B5140B2C5DAAE900C46831 /* CategoryRow.swift */,
				01B514122C5DB06800C46831 /* CategoryIconView.swift */,
				01B514152C5DB7CE00C46831 /* EditCategoryView.swift */,
				01B514192C5DBBE900C46831 /* IconSelectorView.swift */,
				01B514172C5DB90600C46831 /* ColorSelectorView.swift */,
			);
			path = Categories;
			sourceTree = "<group>";
		};
		01B514072C5DA9B600C46831 /* Expenses */ = {
			isa = PBXGroup;
			children = (
				01B514022C5DA98700C46831 /* ExpensesListView.swift */,
				01CA71282C614BBA00216016 /* SelectCategory.swift */,
				01B5CF472C6005820007E6A0 /* EditExpenseView.swift */,
				01B3D1F32C5ECB60007A774F /* ExpenseRow.swift */,
			);
			path = Expenses;
			sourceTree = "<group>";
		};
		01B514082C5DA9FA00C46831 /* Dashboard */ = {
			isa = PBXGroup;
			children = (
				01B514092C5DAA0B00C46831 /* DashboardView.swift */,
				01CE732D2C62B844006A9275 /* TimeChart.swift */,
				01CE732B2C62B352006A9275 /* CategoriesPieChart.swift */,
			);
			path = Dashboard;
			sourceTree = "<group>";
		};
		01B5140D2C5DAAFC00C46831 /* Models */ = {
			isa = PBXGroup;
			children = (
				01CA712E2C6184D500216016 /* TimeRange.swift */,
				01B5140E2C5DAB3000C46831 /* Category.swift */,
				01B3D1F52C5ECBA2007A774F /* Expense.swift */,
				01B514102C5DAF4200C46831 /* CategoryColor.swift */,
				01CD3C322C628BBB00D13BD6 /* PreviewData.swift */,
			);
			path = Models;
			sourceTree = "<group>";
		};
		01B514142C5DB29500C46831 /* Resources */ = {
			isa = PBXGroup;
			children = (
				01F4FA072C5D9E4F006AE4F8 /* Assets.xcassets */,
			);
			path = Resources;
			sourceTree = "<group>";
		};
		01B63EF02C6E857E0056DB2B /* Categories */ = {
			isa = PBXGroup;
			children = (
				01B3D1F12C5EBB50007A774F /* EditCategoryViewModel.swift */,
				01B63EF12C6E859F0056DB2B /* CategoriesListViewModel.swift */,
			);
			path = Categories;
			sourceTree = "<group>";
		};
		01B63EF32C6E8C1B0056DB2B /* Expenses */ = {
			isa = PBXGroup;
			children = (
				01CA712A2C61643B00216016 /* EditExpenseViewModel.swift */,
				01B63EF42C6E8C470056DB2B /* ExpensesListViewModel.swift */,
			);
			path = Expenses;
			sourceTree = "<group>";
		};
		01F4F9F52C5D9E4E006AE4F8 = {
			isa = PBXGroup;
			children = (
				01F4FA002C5D9E4E006AE4F8 /* xpenzo */,
				01F4FA132C5D9E50006AE4F8 /* xpenzoTests */,
				01F4F9FF2C5D9E4E006AE4F8 /* Products */,
			);
			sourceTree = "<group>";
		};
		01F4F9FF2C5D9E4E006AE4F8 /* Products */ = {
			isa = PBXGroup;
			children = (
				01F4F9FE2C5D9E4E006AE4F8 /* xpenzo.app */,
				01F4FA102C5D9E50006AE4F8 /* xpenzoTests.xctest */,
				01F4FA1A2C5D9E50006AE4F8 /* xpenzoUITests.xctest */,
			);
			name = Products;
			sourceTree = "<group>";
		};
		01F4FA002C5D9E4E006AE4F8 /* xpenzo */ = {
			isa = PBXGroup;
			children = (
				01B5140D2C5DAAFC00C46831 /* Models */,
				01B513FF2C5DA93C00C46831 /* Views */,
				01B3D1F02C5EBB2D007A774F /* ViewModels */,
				01B514142C5DB29500C46831 /* Resources */,
				01F4FA012C5D9E4E006AE4F8 /* xpenzoApp.swift */,
				01F4FA092C5D9E4F006AE4F8 /* Preview Content */,
			);
			path = xpenzo;
			sourceTree = "<group>";
		};
		01F4FA092C5D9E4F006AE4F8 /* Preview Content */ = {
			isa = PBXGroup;
			children = (
				01F4FA0A2C5D9E4F006AE4F8 /* Preview Assets.xcassets */,
			);
			path = "Preview Content";
			sourceTree = "<group>";
		};
		01F4FA132C5D9E50006AE4F8 /* xpenzoTests */ = {
			isa = PBXGroup;
			children = (
				01F4FA142C5D9E50006AE4F8 /* xpenzoTests.swift */,
			);
			path = xpenzoTests;
			sourceTree = "<group>";
		};
/* End PBXGroup section */

/* Begin PBXNativeTarget section */
		01F4F9FD2C5D9E4E006AE4F8 /* xpenzo */ = {
			isa = PBXNativeTarget;
			buildConfigurationList = 01F4FA242C5D9E50006AE4F8 /* Build configuration list for PBXNativeTarget "xpenzo" */;
			buildPhases = (
				01F4F9FA2C5D9E4E006AE4F8 /* Sources */,
				01F4F9FB2C5D9E4E006AE4F8 /* Frameworks */,
				01F4F9FC2C5D9E4E006AE4F8 /* Resources */,
			);
			buildRules = (
			);
			dependencies = (
			);
			name = xpenzo;
			productName = xpenzo;
			productReference = 01F4F9FE2C5D9E4E006AE4F8 /* xpenzo.app */;
			productType = "com.apple.product-type.application";
		};
		01F4FA0F2C5D9E50006AE4F8 /* xpenzoTests */ = {
			isa = PBXNativeTarget;
			buildConfigurationList = 01F4FA272C5D9E50006AE4F8 /* Build configuration list for PBXNativeTarget "xpenzoTests" */;
			buildPhases = (
				01F4FA0C2C5D9E50006AE4F8 /* Sources */,
				01F4FA0D2C5D9E50006AE4F8 /* Frameworks */,
				01F4FA0E2C5D9E50006AE4F8 /* Resources */,
			);
			buildRules = (
			);
			dependencies = (
				01F4FA122C5D9E50006AE4F8 /* PBXTargetDependency */,
			);
			name = xpenzoTests;
			productName = xpenzoTests;
			productReference = 01F4FA102C5D9E50006AE4F8 /* xpenzoTests.xctest */;
			productType = "com.apple.product-type.bundle.unit-test";
		};
		01F4FA192C5D9E50006AE4F8 /* xpenzoUITests */ = {
			isa = PBXNativeTarget;
			buildConfigurationList = 01F4FA2A2C5D9E50006AE4F8 /* Build configuration list for PBXNativeTarget "xpenzoUITests" */;
			buildPhases = (
				01F4FA162C5D9E50006AE4F8 /* Sources */,
				01F4FA172C5D9E50006AE4F8 /* Frameworks */,
				01F4FA182C5D9E50006AE4F8 /* Resources */,
			);
			buildRules = (
			);
			dependencies = (
				01F4FA1C2C5D9E50006AE4F8 /* PBXTargetDependency */,
			);
			name = xpenzoUITests;
			productName = xpenzoUITests;
			productReference = 01F4FA1A2C5D9E50006AE4F8 /* xpenzoUITests.xctest */;
			productType = "com.apple.product-type.bundle.ui-testing";
		};
/* End PBXNativeTarget section */

/* Begin PBXProject section */
		01F4F9F62C5D9E4E006AE4F8 /* Project object */ = {
			isa = PBXProject;
			attributes = {
				BuildIndependentTargetsInParallel = 1;
				LastSwiftUpdateCheck = 1540;
				LastUpgradeCheck = 1540;
				TargetAttributes = {
					01F4F9FD2C5D9E4E006AE4F8 = {
						CreatedOnToolsVersion = 15.4;
					};
					01F4FA0F2C5D9E50006AE4F8 = {
						CreatedOnToolsVersion = 15.4;
						TestTargetID = 01F4F9FD2C5D9E4E006AE4F8;
					};
					01F4FA192C5D9E50006AE4F8 = {
						CreatedOnToolsVersion = 15.4;
						TestTargetID = 01F4F9FD2C5D9E4E006AE4F8;
					};
				};
			};
			buildConfigurationList = 01F4F9F92C5D9E4E006AE4F8 /* Build configuration list for PBXProject "xpenzo" */;
			compatibilityVersion = "Xcode 14.0";
			developmentRegion = en;
			hasScannedForEncodings = 0;
			knownRegions = (
				en,
				Base,
			);
			mainGroup = 01F4F9F52C5D9E4E006AE4F8;
			productRefGroup = 01F4F9FF2C5D9E4E006AE4F8 /* Products */;
			projectDirPath = "";
			projectRoot = "";
			targets = (
				01F4F9FD2C5D9E4E006AE4F8 /* xpenzo */,
				01F4FA0F2C5D9E50006AE4F8 /* xpenzoTests */,
				01F4FA192C5D9E50006AE4F8 /* xpenzoUITests */,
			);
		};
/* End PBXProject section */

/* Begin PBXResourcesBuildPhase section */
		01F4F9FC2C5D9E4E006AE4F8 /* Resources */ = {
			isa = PBXResourcesBuildPhase;
			buildActionMask = 2147483647;
			files = (
				01F4FA0B2C5D9E4F006AE4F8 /* Preview Assets.xcassets in Resources */,
				01F4FA082C5D9E4F006AE4F8 /* Assets.xcassets in Resources */,
			);
			runOnlyForDeploymentPostprocessing = 0;
		};
		01F4FA0E2C5D9E50006AE4F8 /* Resources */ = {
			isa = PBXResourcesBuildPhase;
			buildActionMask = 2147483647;
			files = (
			);
			runOnlyForDeploymentPostprocessing = 0;
		};
		01F4FA182C5D9E50006AE4F8 /* Resources */ = {
			isa = PBXResourcesBuildPhase;
			buildActionMask = 2147483647;
			files = (
			);
			runOnlyForDeploymentPostprocessing = 0;
		};
/* End PBXResourcesBuildPhase section */

/* Begin PBXSourcesBuildPhase section */
		01F4F9FA2C5D9E4E006AE4F8 /* Sources */ = {
			isa = PBXSourcesBuildPhase;
			buildActionMask = 2147483647;
			files = (
				01B5141A2C5DBBE900C46831 /* IconSelectorView.swift in Sources */,
				01B5140C2C5DAAE900C46831 /* CategoryRow.swift in Sources */,
				01B514132C5DB06800C46831 /* CategoryIconView.swift in Sources */,
				01B5CF482C6005820007E6A0 /* EditExpenseView.swift in Sources */,
				01CA712B2C61643B00216016 /* EditExpenseViewModel.swift in Sources */,
				01CD3C332C628BBB00D13BD6 /* PreviewData.swift in Sources */,
				01B514162C5DB7CE00C46831 /* EditCategoryView.swift in Sources */,
				01CE732C2C62B352006A9275 /* CategoriesPieChart.swift in Sources */,
				01B514112C5DAF4200C46831 /* CategoryColor.swift in Sources */,
				01CA71292C614BBA00216016 /* SelectCategory.swift in Sources */,
				01B63EF22C6E859F0056DB2B /* CategoriesListViewModel.swift in Sources */,
				01B63EF52C6E8C470056DB2B /* ExpensesListViewModel.swift in Sources */,
				01B514052C5DA9A900C46831 /* CategoriesListView.swift in Sources */,
				01B514182C5DB90600C46831 /* ColorSelectorView.swift in Sources */,
				01CE732E2C62B844006A9275 /* TimeChart.swift in Sources */,
				01CA712F2C6184D500216016 /* TimeRange.swift in Sources */,
				01B3D1F22C5EBB50007A774F /* EditCategoryViewModel.swift in Sources */,
				01B5140A2C5DAA0B00C46831 /* DashboardView.swift in Sources */,
				01B3D1F42C5ECB60007A774F /* ExpenseRow.swift in Sources */,
				01B3D1F62C5ECBA2007A774F /* Expense.swift in Sources */,
				01B5140F2C5DAB3000C46831 /* Category.swift in Sources */,
				01B514012C5DA96300C46831 /* RootTabsView.swift in Sources */,
				01CE73302C630DEB006A9275 /* ValidatedTextFieldStyle.swift in Sources */,
				01CA712D2C61669A00216016 /* PrimaryButton.swift in Sources */,
				01F4FA022C5D9E4E006AE4F8 /* xpenzoApp.swift in Sources */,
				01B514032C5DA98700C46831 /* ExpensesListView.swift in Sources */,
			);
			runOnlyForDeploymentPostprocessing = 0;
		};
		01F4FA0C2C5D9E50006AE4F8 /* Sources */ = {
			isa = PBXSourcesBuildPhase;
			buildActionMask = 2147483647;
			files = (
				01F4FA152C5D9E50006AE4F8 /* xpenzoTests.swift in Sources */,
			);
			runOnlyForDeploymentPostprocessing = 0;
		};
		01F4FA162C5D9E50006AE4F8 /* Sources */ = {
			isa = PBXSourcesBuildPhase;
			buildActionMask = 2147483647;
			files = (
			);
			runOnlyForDeploymentPostprocessing = 0;
		};
/* End PBXSourcesBuildPhase section */

/* Begin PBXTargetDependency section */
		01F4FA122C5D9E50006AE4F8 /* PBXTargetDependency */ = {
			isa = PBXTargetDependency;
			target = 01F4F9FD2C5D9E4E006AE4F8 /* xpenzo */;
			targetProxy = 01F4FA112C5D9E50006AE4F8 /* PBXContainerItemProxy */;
		};
		01F4FA1C2C5D9E50006AE4F8 /* PBXTargetDependency */ = {
			isa = PBXTargetDependency;
			target = 01F4F9FD2C5D9E4E006AE4F8 /* xpenzo */;
			targetProxy = 01F4FA1B2C5D9E50006AE4F8 /* PBXContainerItemProxy */;
		};
/* End PBXTargetDependency section */

/* Begin XCBuildConfiguration section */
		01F4FA222C5D9E50006AE4F8 /* Debug */ = {
			isa = XCBuildConfiguration;
			buildSettings = {
				ALWAYS_SEARCH_USER_PATHS = NO;
				ASSETCATALOG_COMPILER_GENERATE_SWIFT_ASSET_SYMBOL_EXTENSIONS = YES;
				CLANG_ANALYZER_NONNULL = YES;
				CLANG_ANALYZER_NUMBER_OBJECT_CONVERSION = YES_AGGRESSIVE;
				CLANG_CXX_LANGUAGE_STANDARD = "gnu++20";
				CLANG_ENABLE_MODULES = YES;
				CLANG_ENABLE_OBJC_ARC = YES;
				CLANG_ENABLE_OBJC_WEAK = YES;
				CLANG_WARN_BLOCK_CAPTURE_AUTORELEASING = YES;
				CLANG_WARN_BOOL_CONVERSION = YES;
				CLANG_WARN_COMMA = YES;
				CLANG_WARN_CONSTANT_CONVERSION = YES;
				CLANG_WARN_DEPRECATED_OBJC_IMPLEMENTATIONS = YES;
				CLANG_WARN_DIRECT_OBJC_ISA_USAGE = YES_ERROR;
				CLANG_WARN_DOCUMENTATION_COMMENTS = YES;
				CLANG_WARN_EMPTY_BODY = YES;
				CLANG_WARN_ENUM_CONVERSION = YES;
				CLANG_WARN_INFINITE_RECURSION = YES;
				CLANG_WARN_INT_CONVERSION = YES;
				CLANG_WARN_NON_LITERAL_NULL_CONVERSION = YES;
				CLANG_WARN_OBJC_IMPLICIT_RETAIN_SELF = YES;
				CLANG_WARN_OBJC_LITERAL_CONVERSION = YES;
				CLANG_WARN_OBJC_ROOT_CLASS = YES_ERROR;
				CLANG_WARN_QUOTED_INCLUDE_IN_FRAMEWORK_HEADER = YES;
				CLANG_WARN_RANGE_LOOP_ANALYSIS = YES;
				CLANG_WARN_STRICT_PROTOTYPES = YES;
				CLANG_WARN_SUSPICIOUS_MOVE = YES;
				CLANG_WARN_UNGUARDED_AVAILABILITY = YES_AGGRESSIVE;
				CLANG_WARN_UNREACHABLE_CODE = YES;
				CLANG_WARN__DUPLICATE_METHOD_MATCH = YES;
				COPY_PHASE_STRIP = NO;
				DEBUG_INFORMATION_FORMAT = dwarf;
				ENABLE_STRICT_OBJC_MSGSEND = YES;
				ENABLE_TESTABILITY = YES;
				ENABLE_USER_SCRIPT_SANDBOXING = YES;
				GCC_C_LANGUAGE_STANDARD = gnu17;
				GCC_DYNAMIC_NO_PIC = NO;
				GCC_NO_COMMON_BLOCKS = YES;
				GCC_OPTIMIZATION_LEVEL = 0;
				GCC_PREPROCESSOR_DEFINITIONS = (
					"DEBUG=1",
					"$(inherited)",
				);
				GCC_WARN_64_TO_32_BIT_CONVERSION = YES;
				GCC_WARN_ABOUT_RETURN_TYPE = YES_ERROR;
				GCC_WARN_UNDECLARED_SELECTOR = YES;
				GCC_WARN_UNINITIALIZED_AUTOS = YES_AGGRESSIVE;
				GCC_WARN_UNUSED_FUNCTION = YES;
				GCC_WARN_UNUSED_VARIABLE = YES;
				IPHONEOS_DEPLOYMENT_TARGET = 17.5;
				LOCALIZATION_PREFERS_STRING_CATALOGS = YES;
				MTL_ENABLE_DEBUG_INFO = INCLUDE_SOURCE;
				MTL_FAST_MATH = YES;
				ONLY_ACTIVE_ARCH = YES;
				SDKROOT = iphoneos;
				SWIFT_ACTIVE_COMPILATION_CONDITIONS = "DEBUG $(inherited)";
				SWIFT_OPTIMIZATION_LEVEL = "-Onone";
			};
			name = Debug;
		};
		01F4FA232C5D9E50006AE4F8 /* Release */ = {
			isa = XCBuildConfiguration;
			buildSettings = {
				ALWAYS_SEARCH_USER_PATHS = NO;
				ASSETCATALOG_COMPILER_GENERATE_SWIFT_ASSET_SYMBOL_EXTENSIONS = YES;
				CLANG_ANALYZER_NONNULL = YES;
				CLANG_ANALYZER_NUMBER_OBJECT_CONVERSION = YES_AGGRESSIVE;
				CLANG_CXX_LANGUAGE_STANDARD = "gnu++20";
				CLANG_ENABLE_MODULES = YES;
				CLANG_ENABLE_OBJC_ARC = YES;
				CLANG_ENABLE_OBJC_WEAK = YES;
				CLANG_WARN_BLOCK_CAPTURE_AUTORELEASING = YES;
				CLANG_WARN_BOOL_CONVERSION = YES;
				CLANG_WARN_COMMA = YES;
				CLANG_WARN_CONSTANT_CONVERSION = YES;
				CLANG_WARN_DEPRECATED_OBJC_IMPLEMENTATIONS = YES;
				CLANG_WARN_DIRECT_OBJC_ISA_USAGE = YES_ERROR;
				CLANG_WARN_DOCUMENTATION_COMMENTS = YES;
				CLANG_WARN_EMPTY_BODY = YES;
				CLANG_WARN_ENUM_CONVERSION = YES;
				CLANG_WARN_INFINITE_RECURSION = YES;
				CLANG_WARN_INT_CONVERSION = YES;
				CLANG_WARN_NON_LITERAL_NULL_CONVERSION = YES;
				CLANG_WARN_OBJC_IMPLICIT_RETAIN_SELF = YES;
				CLANG_WARN_OBJC_LITERAL_CONVERSION = YES;
				CLANG_WARN_OBJC_ROOT_CLASS = YES_ERROR;
				CLANG_WARN_QUOTED_INCLUDE_IN_FRAMEWORK_HEADER = YES;
				CLANG_WARN_RANGE_LOOP_ANALYSIS = YES;
				CLANG_WARN_STRICT_PROTOTYPES = YES;
				CLANG_WARN_SUSPICIOUS_MOVE = YES;
				CLANG_WARN_UNGUARDED_AVAILABILITY = YES_AGGRESSIVE;
				CLANG_WARN_UNREACHABLE_CODE = YES;
				CLANG_WARN__DUPLICATE_METHOD_MATCH = YES;
				COPY_PHASE_STRIP = NO;
				DEBUG_INFORMATION_FORMAT = "dwarf-with-dsym";
				ENABLE_NS_ASSERTIONS = NO;
				ENABLE_STRICT_OBJC_MSGSEND = YES;
				ENABLE_USER_SCRIPT_SANDBOXING = YES;
				GCC_C_LANGUAGE_STANDARD = gnu17;
				GCC_NO_COMMON_BLOCKS = YES;
				GCC_WARN_64_TO_32_BIT_CONVERSION = YES;
				GCC_WARN_ABOUT_RETURN_TYPE = YES_ERROR;
				GCC_WARN_UNDECLARED_SELECTOR = YES;
				GCC_WARN_UNINITIALIZED_AUTOS = YES_AGGRESSIVE;
				GCC_WARN_UNUSED_FUNCTION = YES;
				GCC_WARN_UNUSED_VARIABLE = YES;
				IPHONEOS_DEPLOYMENT_TARGET = 17.5;
				LOCALIZATION_PREFERS_STRING_CATALOGS = YES;
				MTL_ENABLE_DEBUG_INFO = NO;
				MTL_FAST_MATH = YES;
				SDKROOT = iphoneos;
				SWIFT_COMPILATION_MODE = wholemodule;
				VALIDATE_PRODUCT = YES;
			};
			name = Release;
		};
		01F4FA252C5D9E50006AE4F8 /* Debug */ = {
			isa = XCBuildConfiguration;
			buildSettings = {
				ASSETCATALOG_COMPILER_APPICON_NAME = AppIcon;
				ASSETCATALOG_COMPILER_GLOBAL_ACCENT_COLOR_NAME = AccentColor;
				CODE_SIGN_STYLE = Automatic;
				CURRENT_PROJECT_VERSION = 1;
				DEVELOPMENT_ASSET_PATHS = "\"xpenzo/Preview Content\"";
				ENABLE_PREVIEWS = YES;
				GENERATE_INFOPLIST_FILE = YES;
				INFOPLIST_KEY_CFBundleDisplayName = Xpenzo;
				INFOPLIST_KEY_LSApplicationCategoryType = "public.app-category.finance";
				INFOPLIST_KEY_UIApplicationSceneManifest_Generation = YES;
				INFOPLIST_KEY_UIApplicationSupportsIndirectInputEvents = YES;
				INFOPLIST_KEY_UILaunchScreen_Generation = YES;
				INFOPLIST_KEY_UIStatusBarStyle = UIStatusBarStyleLightContent;
				INFOPLIST_KEY_UISupportedInterfaceOrientations = UIInterfaceOrientationPortrait;
				INFOPLIST_KEY_UISupportedInterfaceOrientations_iPad = "UIInterfaceOrientationLandscapeLeft UIInterfaceOrientationLandscapeRight UIInterfaceOrientationPortrait UIInterfaceOrientationPortraitUpsideDown";
				LD_RUNPATH_SEARCH_PATHS = (
					"$(inherited)",
					"@executable_path/Frameworks",
				);
				MARKETING_VERSION = 1.0;
				PRODUCT_BUNDLE_IDENTIFIER = com.carlosyslas.xpenzo;
				PRODUCT_NAME = "$(TARGET_NAME)";
				SUPPORTED_PLATFORMS = "iphoneos iphonesimulator";
				SUPPORTS_MACCATALYST = NO;
				SUPPORTS_MAC_DESIGNED_FOR_IPHONE_IPAD = NO;
				SUPPORTS_XR_DESIGNED_FOR_IPHONE_IPAD = NO;
				SWIFT_EMIT_LOC_STRINGS = YES;
				SWIFT_VERSION = 5.0;
				TARGETED_DEVICE_FAMILY = 1;
			};
			name = Debug;
		};
		01F4FA262C5D9E50006AE4F8 /* Release */ = {
			isa = XCBuildConfiguration;
			buildSettings = {
				ASSETCATALOG_COMPILER_APPICON_NAME = AppIcon;
				ASSETCATALOG_COMPILER_GLOBAL_ACCENT_COLOR_NAME = AccentColor;
				CODE_SIGN_STYLE = Automatic;
				CURRENT_PROJECT_VERSION = 1;
				DEVELOPMENT_ASSET_PATHS = "\"xpenzo/Preview Content\"";
				ENABLE_PREVIEWS = YES;
				GENERATE_INFOPLIST_FILE = YES;
				INFOPLIST_KEY_CFBundleDisplayName = Xpenzo;
				INFOPLIST_KEY_LSApplicationCategoryType = "public.app-category.finance";
				INFOPLIST_KEY_UIApplicationSceneManifest_Generation = YES;
				INFOPLIST_KEY_UIApplicationSupportsIndirectInputEvents = YES;
				INFOPLIST_KEY_UILaunchScreen_Generation = YES;
				INFOPLIST_KEY_UIStatusBarStyle = UIStatusBarStyleLightContent;
				INFOPLIST_KEY_UISupportedInterfaceOrientations = UIInterfaceOrientationPortrait;
				INFOPLIST_KEY_UISupportedInterfaceOrientations_iPad = "UIInterfaceOrientationLandscapeLeft UIInterfaceOrientationLandscapeRight UIInterfaceOrientationPortrait UIInterfaceOrientationPortraitUpsideDown";
				LD_RUNPATH_SEARCH_PATHS = (
					"$(inherited)",
					"@executable_path/Frameworks",
				);
				MARKETING_VERSION = 1.0;
				PRODUCT_BUNDLE_IDENTIFIER = com.carlosyslas.xpenzo;
				PRODUCT_NAME = "$(TARGET_NAME)";
				SUPPORTED_PLATFORMS = "iphoneos iphonesimulator";
				SUPPORTS_MACCATALYST = NO;
				SUPPORTS_MAC_DESIGNED_FOR_IPHONE_IPAD = NO;
				SUPPORTS_XR_DESIGNED_FOR_IPHONE_IPAD = NO;
				SWIFT_EMIT_LOC_STRINGS = YES;
				SWIFT_VERSION = 5.0;
				TARGETED_DEVICE_FAMILY = 1;
			};
			name = Release;
		};
		01F4FA282C5D9E50006AE4F8 /* Debug */ = {
			isa = XCBuildConfiguration;
			buildSettings = {
				ALWAYS_EMBED_SWIFT_STANDARD_LIBRARIES = YES;
				BUNDLE_LOADER = "$(TEST_HOST)";
				CODE_SIGN_STYLE = Automatic;
				CURRENT_PROJECT_VERSION = 1;
				GENERATE_INFOPLIST_FILE = YES;
				IPHONEOS_DEPLOYMENT_TARGET = 17.5;
				MARKETING_VERSION = 1.0;
				PRODUCT_BUNDLE_IDENTIFIER = com.carlosyslas.xpenzoTests;
				PRODUCT_NAME = "$(TARGET_NAME)";
				SWIFT_EMIT_LOC_STRINGS = NO;
				SWIFT_VERSION = 5.0;
				TARGETED_DEVICE_FAMILY = "1,2";
				TEST_HOST = "$(BUILT_PRODUCTS_DIR)/xpenzo.app/$(BUNDLE_EXECUTABLE_FOLDER_PATH)/xpenzo";
			};
			name = Debug;
		};
		01F4FA292C5D9E50006AE4F8 /* Release */ = {
			isa = XCBuildConfiguration;
			buildSettings = {
				ALWAYS_EMBED_SWIFT_STANDARD_LIBRARIES = YES;
				BUNDLE_LOADER = "$(TEST_HOST)";
				CODE_SIGN_STYLE = Automatic;
				CURRENT_PROJECT_VERSION = 1;
				GENERATE_INFOPLIST_FILE = YES;
				IPHONEOS_DEPLOYMENT_TARGET = 17.5;
				MARKETING_VERSION = 1.0;
				PRODUCT_BUNDLE_IDENTIFIER = com.carlosyslas.xpenzoTests;
				PRODUCT_NAME = "$(TARGET_NAME)";
				SWIFT_EMIT_LOC_STRINGS = NO;
				SWIFT_VERSION = 5.0;
				TARGETED_DEVICE_FAMILY = "1,2";
				TEST_HOST = "$(BUILT_PRODUCTS_DIR)/xpenzo.app/$(BUNDLE_EXECUTABLE_FOLDER_PATH)/xpenzo";
			};
			name = Release;
		};
		01F4FA2B2C5D9E50006AE4F8 /* Debug */ = {
			isa = XCBuildConfiguration;
			buildSettings = {
				ALWAYS_EMBED_SWIFT_STANDARD_LIBRARIES = YES;
				CODE_SIGN_STYLE = Automatic;
				CURRENT_PROJECT_VERSION = 1;
				GENERATE_INFOPLIST_FILE = YES;
				MARKETING_VERSION = 1.0;
				PRODUCT_BUNDLE_IDENTIFIER = com.carlosyslas.xpenzoUITests;
				PRODUCT_NAME = "$(TARGET_NAME)";
				SWIFT_EMIT_LOC_STRINGS = NO;
				SWIFT_VERSION = 5.0;
				TARGETED_DEVICE_FAMILY = "1,2";
				TEST_TARGET_NAME = xpenzo;
			};
			name = Debug;
		};
		01F4FA2C2C5D9E50006AE4F8 /* Release */ = {
			isa = XCBuildConfiguration;
			buildSettings = {
				ALWAYS_EMBED_SWIFT_STANDARD_LIBRARIES = YES;
				CODE_SIGN_STYLE = Automatic;
				CURRENT_PROJECT_VERSION = 1;
				GENERATE_INFOPLIST_FILE = YES;
				MARKETING_VERSION = 1.0;
				PRODUCT_BUNDLE_IDENTIFIER = com.carlosyslas.xpenzoUITests;
				PRODUCT_NAME = "$(TARGET_NAME)";
				SWIFT_EMIT_LOC_STRINGS = NO;
				SWIFT_VERSION = 5.0;
				TARGETED_DEVICE_FAMILY = "1,2";
				TEST_TARGET_NAME = xpenzo;
			};
			name = Release;
		};
/* End XCBuildConfiguration section */

/* Begin XCConfigurationList section */
		01F4F9F92C5D9E4E006AE4F8 /* Build configuration list for PBXProject "xpenzo" */ = {
			isa = XCConfigurationList;
			buildConfigurations = (
				01F4FA222C5D9E50006AE4F8 /* Debug */,
				01F4FA232C5D9E50006AE4F8 /* Release */,
			);
			defaultConfigurationIsVisible = 0;
			defaultConfigurationName = Release;
		};
		01F4FA242C5D9E50006AE4F8 /* Build configuration list for PBXNativeTarget "xpenzo" */ = {
			isa = XCConfigurationList;
			buildConfigurations = (
				01F4FA252C5D9E50006AE4F8 /* Debug */,
				01F4FA262C5D9E50006AE4F8 /* Release */,
			);
			defaultConfigurationIsVisible = 0;
			defaultConfigurationName = Release;
		};
		01F4FA272C5D9E50006AE4F8 /* Build configuration list for PBXNativeTarget "xpenzoTests" */ = {
			isa = XCConfigurationList;
			buildConfigurations = (
				01F4FA282C5D9E50006AE4F8 /* Debug */,
				01F4FA292C5D9E50006AE4F8 /* Release */,
			);
			defaultConfigurationIsVisible = 0;
			defaultConfigurationName = Release;
		};
		01F4FA2A2C5D9E50006AE4F8 /* Build configuration list for PBXNativeTarget "xpenzoUITests" */ = {
			isa = XCConfigurationList;
			buildConfigurations = (
				01F4FA2B2C5D9E50006AE4F8 /* Debug */,
				01F4FA2C2C5D9E50006AE4F8 /* Release */,
			);
			defaultConfigurationIsVisible = 0;
			defaultConfigurationName = Release;
		};
/* End XCConfigurationList section */
	};
	rootObject = 01F4F9F62C5D9E4E006AE4F8 /* Project object */;
}
